
Microsoft Visual Studio Solution File, Format Version 12.00
# Visual Studio 15
VisualStudioVersion = 15.0.26730.15
MinimumVisualStudioVersion = 10.0.40219.1
Project("{FAE04EC0-301F-11D3-BF4B-00C04F79EFBC}") = "InLineWebApi", "InLineWebApi\InLineWebApi.csproj", "{AA8F2084-2473-41DD-A444-85F8A903FFC4}"
EndProject
Project("{FAE04EC0-301F-11D3-BF4B-00C04F79EFBC}") = "DataAccess", "DataAccess\DataAccess.csproj", "{68DAB6AF-1E7A-440C-BC30-B6BCF7693650}"
EndProject
Global
	GlobalSection(SolutionConfigurationPlatforms) = preSolution
		Debug|Any CPU = Debug|Any CPU
		Release|Any CPU = Release|Any CPU
	EndGlobalSection
	GlobalSection(ProjectConfigurationPlatforms) = postSolution
		{AA8F2084-2473-41DD-A444-85F8A903FFC4}.Debug|Any CPU.ActiveCfg = Debug|Any CPU
		{AA8F2084-2473-41DD-A444-85F8A903FFC4}.Debug|Any CPU.Build.0 = Debug|Any CPU
		{AA8F2084-2473-41DD-A444-85F8A903FFC4}.Release|Any CPU.ActiveCfg = Release|Any CPU
		{AA8F2084-2473-41DD-A444-85F8A903FFC4}.Release|Any CPU.Build.0 = Release|Any CPU
		{68DAB6AF-1E7A-440C-BC30-B6BCF7693650}.Debug|Any CPU.ActiveCfg = Debug|Any CPU
		{68DAB6AF-1E7A-440C-BC30-B6BCF7693650}.Debug|Any CPU.Build.0 = Debug|Any CPU
		{68DAB6AF-1E7A-440C-BC30-B6BCF7693650}.Release|Any CPU.ActiveCfg = Release|Any CPU
		{68DAB6AF-1E7A-440C-BC30-B6BCF7693650}.Release|Any CPU.Build.0 = Release|Any CPU
	EndGlobalSection
	GlobalSection(SolutionProperties) = preSolution
		HideSolutionNode = FALSE
	EndGlobalSection
	GlobalSection(ExtensibilityGlobals) = postSolution
		SolutionGuid = {3E4BDFC8-98A4-40BA-A077-F8747F9821FF}
	EndGlobalSection
EndGlobal
