
Microsoft Visual Studio Solution File, Format Version 12.00
# Visual Studio 15
VisualStudioVersion = 15.0.26730.15
MinimumVisualStudioVersion = 10.0.40219.1
Project("{FAE04EC0-301F-11D3-BF4B-00C04F79EFBC}") = "SQLApi", "SQLApi\SQLApi.csproj", "{8C6EF78B-42B6-4DDE-86AB-CECD65974C98}"
EndProject
Project("{FAE04EC0-301F-11D3-BF4B-00C04F79EFBC}") = "SQLApi.Tests", "SQLApi.Tests\SQLApi.Tests.csproj", "{734639B7-ED33-48A2-A101-A95D246BFEE3}"
EndProject
Global
	GlobalSection(SolutionConfigurationPlatforms) = preSolution
		Debug|Any CPU = Debug|Any CPU
		Release|Any CPU = Release|Any CPU
	EndGlobalSection
	GlobalSection(ProjectConfigurationPlatforms) = postSolution
		{8C6EF78B-42B6-4DDE-86AB-CECD65974C98}.Debug|Any CPU.ActiveCfg = Debug|Any CPU
		{8C6EF78B-42B6-4DDE-86AB-CECD65974C98}.Debug|Any CPU.Build.0 = Debug|Any CPU
		{8C6EF78B-42B6-4DDE-86AB-CECD65974C98}.Release|Any CPU.ActiveCfg = Release|Any CPU
		{8C6EF78B-42B6-4DDE-86AB-CECD65974C98}.Release|Any CPU.Build.0 = Release|Any CPU
		{734639B7-ED33-48A2-A101-A95D246BFEE3}.Debug|Any CPU.ActiveCfg = Debug|Any CPU
		{734639B7-ED33-48A2-A101-A95D246BFEE3}.Debug|Any CPU.Build.0 = Debug|Any CPU
		{734639B7-ED33-48A2-A101-A95D246BFEE3}.Release|Any CPU.ActiveCfg = Release|Any CPU
		{734639B7-ED33-48A2-A101-A95D246BFEE3}.Release|Any CPU.Build.0 = Release|Any CPU
	EndGlobalSection
	GlobalSection(SolutionProperties) = preSolution
		HideSolutionNode = FALSE
	EndGlobalSection
	GlobalSection(ExtensibilityGlobals) = postSolution
		SolutionGuid = {42A5B42E-84A5-4459-8830-334FB1126A8D}
	EndGlobalSection
EndGlobal
