
Microsoft Visual Studio Solution File, Format Version 12.00
# Visual Studio 15
VisualStudioVersion = 15.0.26730.15
MinimumVisualStudioVersion = 10.0.40219.1
Project("{FAE04EC0-301F-11D3-BF4B-00C04F79EFBC}") = "InLineWebApp", "InLineWebApp\InLineWebApp.csproj", "{A1919224-4C59-433F-80EC-A7113B3716B6}"
EndProject
Project("{FAE04EC0-301F-11D3-BF4B-00C04F79EFBC}") = "InLineWebApp.Tests", "InLineWebApp.Tests\InLineWebApp.Tests.csproj", "{BDA5120E-B2BE-41A7-A20A-0182A047DDBA}"
EndProject
Global
	GlobalSection(SolutionConfigurationPlatforms) = preSolution
		Debug|Any CPU = Debug|Any CPU
		Release|Any CPU = Release|Any CPU
	EndGlobalSection
	GlobalSection(ProjectConfigurationPlatforms) = postSolution
		{A1919224-4C59-433F-80EC-A7113B3716B6}.Debug|Any CPU.ActiveCfg = Debug|Any CPU
		{A1919224-4C59-433F-80EC-A7113B3716B6}.Debug|Any CPU.Build.0 = Debug|Any CPU
		{A1919224-4C59-433F-80EC-A7113B3716B6}.Release|Any CPU.ActiveCfg = Release|Any CPU
		{A1919224-4C59-433F-80EC-A7113B3716B6}.Release|Any CPU.Build.0 = Release|Any CPU
		{BDA5120E-B2BE-41A7-A20A-0182A047DDBA}.Debug|Any CPU.ActiveCfg = Debug|Any CPU
		{BDA5120E-B2BE-41A7-A20A-0182A047DDBA}.Debug|Any CPU.Build.0 = Debug|Any CPU
		{BDA5120E-B2BE-41A7-A20A-0182A047DDBA}.Release|Any CPU.ActiveCfg = Release|Any CPU
		{BDA5120E-B2BE-41A7-A20A-0182A047DDBA}.Release|Any CPU.Build.0 = Release|Any CPU
	EndGlobalSection
	GlobalSection(SolutionProperties) = preSolution
		HideSolutionNode = FALSE
	EndGlobalSection
	GlobalSection(ExtensibilityGlobals) = postSolution
		SolutionGuid = {72C4901F-EC93-434F-8C67-61DC9EE7898C}
	EndGlobalSection
EndGlobal
